{
  "lockfileVersion": 1,
  "dependencies": {
    "config": {
      "version": "1.30.0",
      "resolved": "https://registry.npmjs.org/config/-/config-1.30.0.tgz",
      "integrity": "sha1-HWCp81NIoTwXV5jThOgaWhbDum4="
    },
    "json5": {
      "version": "0.4.0",
      "resolved": "https://registry.npmjs.org/json5/-/json5-0.4.0.tgz",
      "integrity": "sha1-BUNS5MTIDIbAkjh31EneF2pzLI0="
    },
    "node-watch": {
      "version": "0.5.8",
      "resolved": "https://registry.npmjs.org/node-watch/-/node-watch-0.5.8.tgz",
      "integrity": "sha512-HXiCg9YS3IAzEJ4O3CNlUjsoYCxg4hVbo9oAEBQoiJV7p/R7PT6/ekXM9S3D2K3jUjSQOOjtuW/LgcSiwh/btQ=="
    },
    "os-homedir": {
      "version": "1.0.2",
      "resolved": "https://registry.npmjs.org/os-homedir/-/os-homedir-1.0.2.tgz",
      "integrity": "sha1-/7xJiDNuDoM94MFox+8VISGqf7M="
    }
  }
}
